
Microsoft Visual Studio Solution File, Format Version 12.00
# Visual Studio Version 16
VisualStudioVersion = 16.0.30611.23
MinimumVisualStudioVersion = 10.0.40219.1
Project("{FAE04EC0-301F-11D3-BF4B-00C04F79EFBC}") = "ProyectoFinalConsolaCalcularAreas", "ProyectoFinalConsolaCalcularAreas\ProyectoFinalConsolaCalcularAreas.csproj", "{A72E0E8C-92E6-4282-872C-BB1A871E41B6}"
EndProject
Global
	GlobalSection(SolutionConfigurationPlatforms) = preSolution
		Debug|Any CPU = Debug|Any CPU
		Release|Any CPU = Release|Any CPU
	EndGlobalSection
	GlobalSection(ProjectConfigurationPlatforms) = postSolution
		{A72E0E8C-92E6-4282-872C-BB1A871E41B6}.Debug|Any CPU.ActiveCfg = Debug|Any CPU
		{A72E0E8C-92E6-4282-872C-BB1A871E41B6}.Debug|Any CPU.Build.0 = Debug|Any CPU
		{A72E0E8C-92E6-4282-872C-BB1A871E41B6}.Release|Any CPU.ActiveCfg = Release|Any CPU
		{A72E0E8C-92E6-4282-872C-BB1A871E41B6}.Release|Any CPU.Build.0 = Release|Any CPU
	EndGlobalSection
	GlobalSection(SolutionProperties) = preSolution
		HideSolutionNode = FALSE
	EndGlobalSection
	GlobalSection(ExtensibilityGlobals) = postSolution
		SolutionGuid = {A0FF060B-9139-42E6-B766-BF480181A1E1}
	EndGlobalSection
EndGlobal
